// !$*UTF8*$!
{
	archiveVersion = 1;
	classes = {
	};
	objectVersion = 46;
	objects = {

/* Begin PBXBuildFile section */
		D736222D16BAEEC800081A09 /* CTRentalProperty.m in Sources */ = {isa = PBXBuildFile; fileRef = D736222C16BAEEC800081A09 /* CTRentalProperty.m */; };
		D7C7502716B067810016FA9D /* city.jpg in Resources */ = {isa = PBXBuildFile; fileRef = D7C7502416B067810016FA9D /* city.jpg */; };
		D7C7502816B067810016FA9D /* mountain.jpg in Resources */ = {isa = PBXBuildFile; fileRef = D7C7502516B067810016FA9D /* mountain.jpg */; };
		D7C7502916B067810016FA9D /* sea.jpg in Resources */ = {isa = PBXBuildFile; fileRef = D7C7502616B067810016FA9D /* sea.jpg */; };
		D7DCAC7D16ACB2C10030F9AB /* UIKit.framework in Frameworks */ = {isa = PBXBuildFile; fileRef = D7DCAC7C16ACB2C10030F9AB /* UIKit.framework */; };
		D7DCAC7F16ACB2C10030F9AB /* Foundation.framework in Frameworks */ = {isa = PBXBuildFile; fileRef = D7DCAC7E16ACB2C10030F9AB /* Foundation.framework */; };
		D7DCAC8116ACB2C10030F9AB /* CoreGraphics.framework in Frameworks */ = {isa = PBXBuildFile; fileRef = D7DCAC8016ACB2C10030F9AB /* CoreGraphics.framework */; };
		D7DCAC8316ACB2C10030F9AB /* CoreData.framework in Frameworks */ = {isa = PBXBuildFile; fileRef = D7DCAC8216ACB2C10030F9AB /* CoreData.framework */; };
		D7DCAC8916ACB2C10030F9AB /* InfoPlist.strings in Resources */ = {isa = PBXBuildFile; fileRef = D7DCAC8716ACB2C10030F9AB /* InfoPlist.strings */; };
		D7DCAC8B16ACB2C10030F9AB /* main.m in Sources */ = {isa = PBXBuildFile; fileRef = D7DCAC8A16ACB2C10030F9AB /* main.m */; };
		D7DCAC8F16ACB2C10030F9AB /* RentalManagerAppDelegate.m in Sources */ = {isa = PBXBuildFile; fileRef = D7DCAC8E16ACB2C10030F9AB /* RentalManagerAppDelegate.m */; };
		D7DCAC9116ACB2C10030F9AB /* Default.png in Resources */ = {isa = PBXBuildFile; fileRef = D7DCAC9016ACB2C10030F9AB /* Default.png */; };
		D7DCAC9316ACB2C10030F9AB /* Default@2x.png in Resources */ = {isa = PBXBuildFile; fileRef = D7DCAC9216ACB2C10030F9AB /* Default@2x.png */; };
		D7DCAC9516ACB2C10030F9AB /* Default-568h@2x.png in Resources */ = {isa = PBXBuildFile; fileRef = D7DCAC9416ACB2C10030F9AB /* Default-568h@2x.png */; };
		D7DCAC9816ACB2C10030F9AB /* MainStoryboard.storyboard in Resources */ = {isa = PBXBuildFile; fileRef = D7DCAC9616ACB2C10030F9AB /* MainStoryboard.storyboard */; };
		D7DCAC9B16ACB2C10030F9AB /* RentalManager.xcdatamodeld in Sources */ = {isa = PBXBuildFile; fileRef = D7DCAC9916ACB2C10030F9AB /* RentalManager.xcdatamodeld */; };
		D7DCAC9E16ACB2C10030F9AB /* RentalManagerMasterViewController.m in Sources */ = {isa = PBXBuildFile; fileRef = D7DCAC9D16ACB2C10030F9AB /* RentalManagerMasterViewController.m */; };
		D7DCACA116ACB2C10030F9AB /* RentalManagerDetailViewController.m in Sources */ = {isa = PBXBuildFile; fileRef = D7DCACA016ACB2C10030F9AB /* RentalManagerDetailViewController.m */; };
		D7E62AB316B2F0E600856ED4 /* CityMappings.plist in Resources */ = {isa = PBXBuildFile; fileRef = D7E62AB216B2F0E600856ED4 /* CityMappings.plist */; };
/* End PBXBuildFile section */

/* Begin PBXFileReference section */
		D736222B16BAEEC800081A09 /* CTRentalProperty.h */ = {isa = PBXFileReference; fileEncoding = 4; lastKnownFileType = sourcecode.c.h; path = CTRentalProperty.h; sourceTree = "<group>"; };
		D736222C16BAEEC800081A09 /* CTRentalProperty.m */ = {isa = PBXFileReference; fileEncoding = 4; lastKnownFileType = sourcecode.c.objc; path = CTRentalProperty.m; sourceTree = "<group>"; };
		D7C7502416B067810016FA9D /* city.jpg */ = {isa = PBXFileReference; lastKnownFileType = image.jpeg; path = city.jpg; sourceTree = "<group>"; };
		D7C7502516B067810016FA9D /* mountain.jpg */ = {isa = PBXFileReference; lastKnownFileType = image.jpeg; path = mountain.jpg; sourceTree = "<group>"; };
		D7C7502616B067810016FA9D /* sea.jpg */ = {isa = PBXFileReference; lastKnownFileType = image.jpeg; path = sea.jpg; sourceTree = "<group>"; };
		D7DCAC7816ACB2C10030F9AB /* RentalManager.app */ = {isa = PBXFileReference; explicitFileType = wrapper.application; includeInIndex = 0; path = RentalManager.app; sourceTree = BUILT_PRODUCTS_DIR; };
		D7DCAC7C16ACB2C10030F9AB /* UIKit.framework */ = {isa = PBXFileReference; lastKnownFileType = wrapper.framework; name = UIKit.framework; path = System/Library/Frameworks/UIKit.framework; sourceTree = SDKROOT; };
		D7DCAC7E16ACB2C10030F9AB /* Foundation.framework */ = {isa = PBXFileReference; lastKnownFileType = wrapper.framework; name = Foundation.framework; path = System/Library/Frameworks/Foundation.framework; sourceTree = SDKROOT; };
		D7DCAC8016ACB2C10030F9AB /* CoreGraphics.framework */ = {isa = PBXFileReference; lastKnownFileType = wrapper.framework; name = CoreGraphics.framework; path = System/Library/Frameworks/CoreGraphics.framework; sourceTree = SDKROOT; };
		D7DCAC8216ACB2C10030F9AB /* CoreData.framework */ = {isa = PBXFileReference; lastKnownFileType = wrapper.framework; name = CoreData.framework; path = System/Library/Frameworks/CoreData.framework; sourceTree = SDKROOT; };
		D7DCAC8616ACB2C10030F9AB /* RentalManager-Info.plist */ = {isa = PBXFileReference; lastKnownFileType = text.plist.xml; path = "RentalManager-Info.plist"; sourceTree = "<group>"; };
		D7DCAC8816ACB2C10030F9AB /* en */ = {isa = PBXFileReference; lastKnownFileType = text.plist.strings; name = en; path = en.lproj/InfoPlist.strings; sourceTree = "<group>"; };
		D7DCAC8A16ACB2C10030F9AB /* main.m */ = {isa = PBXFileReference; lastKnownFileType = sourcecode.c.objc; path = main.m; sourceTree = "<group>"; };
		D7DCAC8C16ACB2C10030F9AB /* RentalManager-Prefix.pch */ = {isa = PBXFileReference; lastKnownFileType = sourcecode.c.h; path = "RentalManager-Prefix.pch"; sourceTree = "<group>"; };
		D7DCAC8D16ACB2C10030F9AB /* RentalManagerAppDelegate.h */ = {isa = PBXFileReference; lastKnownFileType = sourcecode.c.h; path = RentalManagerAppDelegate.h; sourceTree = "<group>"; };
		D7DCAC8E16ACB2C10030F9AB /* RentalManagerAppDelegate.m */ = {isa = PBXFileReference; lastKnownFileType = sourcecode.c.objc; path = RentalManagerAppDelegate.m; sourceTree = "<group>"; };
		D7DCAC9016ACB2C10030F9AB /* Default.png */ = {isa = PBXFileReference; lastKnownFileType = image.png; path = Default.png; sourceTree = "<group>"; };
		D7DCAC9216ACB2C10030F9AB /* Default@2x.png */ = {isa = PBXFileReference; lastKnownFileType = image.png; path = "Default@2x.png"; sourceTree = "<group>"; };
		D7DCAC9416ACB2C10030F9AB /* Default-568h@2x.png */ = {isa = PBXFileReference; lastKnownFileType = image.png; path = "Default-568h@2x.png"; sourceTree = "<group>"; };
		D7DCAC9716ACB2C10030F9AB /* en */ = {isa = PBXFileReference; lastKnownFileType = file.storyboard; name = en; path = en.lproj/MainStoryboard.storyboard; sourceTree = "<group>"; };
		D7DCAC9A16ACB2C10030F9AB /* RentalManager.xcdatamodel */ = {isa = PBXFileReference; lastKnownFileType = wrapper.xcdatamodel; path = RentalManager.xcdatamodel; sourceTree = "<group>"; };
		D7DCAC9C16ACB2C10030F9AB /* RentalManagerMasterViewController.h */ = {isa = PBXFileReference; lastKnownFileType = sourcecode.c.h; path = RentalManagerMasterViewController.h; sourceTree = "<group>"; };
		D7DCAC9D16ACB2C10030F9AB /* RentalManagerMasterViewController.m */ = {isa = PBXFileReference; lastKnownFileType = sourcecode.c.objc; path = RentalManagerMasterViewController.m; sourceTree = "<group>"; };
		D7DCAC9F16ACB2C10030F9AB /* RentalManagerDetailViewController.h */ = {isa = PBXFileReference; lastKnownFileType = sourcecode.c.h; path = RentalManagerDetailViewController.h; sourceTree = "<group>"; };
		D7DCACA016ACB2C10030F9AB /* RentalManagerDetailViewController.m */ = {isa = PBXFileReference; lastKnownFileType = sourcecode.c.objc; path = RentalManagerDetailViewController.m; sourceTree = "<group>"; };
		D7E62AB216B2F0E600856ED4 /* CityMappings.plist */ = {isa = PBXFileReference; fileEncoding = 4; lastKnownFileType = text.plist.xml; path = CityMappings.plist; sourceTree = "<group>"; };
/* End PBXFileReference section */

/* Begin PBXFrameworksBuildPhase section */
		D7DCAC7516ACB2C10030F9AB /* Frameworks */ = {
			isa = PBXFrameworksBuildPhase;
			buildActionMask = 2147483647;
			files = (
				D7DCAC7D16ACB2C10030F9AB /* UIKit.framework in Frameworks */,
				D7DCAC7F16ACB2C10030F9AB /* Foundation.framework in Frameworks */,
				D7DCAC8116ACB2C10030F9AB /* CoreGraphics.framework in Frameworks */,
				D7DCAC8316ACB2C10030F9AB /* CoreData.framework in Frameworks */,
			);
			runOnlyForDeploymentPostprocessing = 0;
		};
/* End PBXFrameworksBuildPhase section */

/* Begin PBXGroup section */
		D7DCAC6D16ACB2C10030F9AB = {
			isa = PBXGroup;
			children = (
				D7DCAC8416ACB2C10030F9AB /* RentalManager */,
				D7DCAC7B16ACB2C10030F9AB /* Frameworks */,
				D7DCAC7916ACB2C10030F9AB /* Products */,
			);
			indentWidth = 2;
			sourceTree = "<group>";
			tabWidth = 2;
			usesTabs = 0;
			wrapsLines = 0;
		};
		D7DCAC7916ACB2C10030F9AB /* Products */ = {
			isa = PBXGroup;
			children = (
				D7DCAC7816ACB2C10030F9AB /* RentalManager.app */,
			);
			name = Products;
			sourceTree = "<group>";
		};
		D7DCAC7B16ACB2C10030F9AB /* Frameworks */ = {
			isa = PBXGroup;
			children = (
				D7DCAC7C16ACB2C10030F9AB /* UIKit.framework */,
				D7DCAC7E16ACB2C10030F9AB /* Foundation.framework */,
				D7DCAC8016ACB2C10030F9AB /* CoreGraphics.framework */,
				D7DCAC8216ACB2C10030F9AB /* CoreData.framework */,
			);
			name = Frameworks;
			sourceTree = "<group>";
		};
		D7DCAC8416ACB2C10030F9AB /* RentalManager */ = {
			isa = PBXGroup;
			children = (
				D736222B16BAEEC800081A09 /* CTRentalProperty.h */,
				D736222C16BAEEC800081A09 /* CTRentalProperty.m */,
				D7DCAC8D16ACB2C10030F9AB /* RentalManagerAppDelegate.h */,
				D7DCAC8E16ACB2C10030F9AB /* RentalManagerAppDelegate.m */,
				D7DCAC9616ACB2C10030F9AB /* MainStoryboard.storyboard */,
				D7DCAC9C16ACB2C10030F9AB /* RentalManagerMasterViewController.h */,
				D7DCAC9D16ACB2C10030F9AB /* RentalManagerMasterViewController.m */,
				D7DCAC9F16ACB2C10030F9AB /* RentalManagerDetailViewController.h */,
				D7DCACA016ACB2C10030F9AB /* RentalManagerDetailViewController.m */,
				D7DCAC9916ACB2C10030F9AB /* RentalManager.xcdatamodeld */,
				D7DCAC8516ACB2C10030F9AB /* Supporting Files */,
			);
			path = RentalManager;
			sourceTree = "<group>";
		};
		D7DCAC8516ACB2C10030F9AB /* Supporting Files */ = {
			isa = PBXGroup;
			children = (
				D7E62AB216B2F0E600856ED4 /* CityMappings.plist */,
				D7C7502416B067810016FA9D /* city.jpg */,
				D7C7502516B067810016FA9D /* mountain.jpg */,
				D7C7502616B067810016FA9D /* sea.jpg */,
				D7DCAC8616ACB2C10030F9AB /* RentalManager-Info.plist */,
				D7DCAC8716ACB2C10030F9AB /* InfoPlist.strings */,
				D7DCAC8A16ACB2C10030F9AB /* main.m */,
				D7DCAC8C16ACB2C10030F9AB /* RentalManager-Prefix.pch */,
				D7DCAC9016ACB2C10030F9AB /* Default.png */,
				D7DCAC9216ACB2C10030F9AB /* Default@2x.png */,
				D7DCAC9416ACB2C10030F9AB /* Default-568h@2x.png */,
			);
			name = "Supporting Files";
			sourceTree = "<group>";
		};
/* End PBXGroup section */

/* Begin PBXNativeTarget section */
		D7DCAC7716ACB2C10030F9AB /* RentalManager */ = {
			isa = PBXNativeTarget;
			buildConfigurationList = D7DCACA416ACB2C10030F9AB /* Build configuration list for PBXNativeTarget "RentalManager" */;
			buildPhases = (
				D7DCAC7416ACB2C10030F9AB /* Sources */,
				D7DCAC7516ACB2C10030F9AB /* Frameworks */,
				D7DCAC7616ACB2C10030F9AB /* Resources */,
			);
			buildRules = (
			);
			dependencies = (
			);
			name = RentalManager;
			productName = RentalManager;
			productReference = D7DCAC7816ACB2C10030F9AB /* RentalManager.app */;
			productType = "com.apple.product-type.application";
		};
/* End PBXNativeTarget section */

/* Begin PBXProject section */
		D7DCAC6F16ACB2C10030F9AB /* Project object */ = {
			isa = PBXProject;
			attributes = {
				CLASSPREFIX = RentalManager;
				LastUpgradeCheck = 0450;
				ORGANIZATIONNAME = CamonZ;
			};
			buildConfigurationList = D7DCAC7216ACB2C10030F9AB /* Build configuration list for PBXProject "RentalManager" */;
			compatibilityVersion = "Xcode 3.2";
			developmentRegion = English;
			hasScannedForEncodings = 0;
			knownRegions = (
				en,
			);
			mainGroup = D7DCAC6D16ACB2C10030F9AB;
			productRefGroup = D7DCAC7916ACB2C10030F9AB /* Products */;
			projectDirPath = "";
			projectRoot = "";
			targets = (
				D7DCAC7716ACB2C10030F9AB /* RentalManager */,
			);
		};
/* End PBXProject section */

/* Begin PBXResourcesBuildPhase section */
		D7DCAC7616ACB2C10030F9AB /* Resources */ = {
			isa = PBXResourcesBuildPhase;
			buildActionMask = 2147483647;
			files = (
				D7DCAC8916ACB2C10030F9AB /* InfoPlist.strings in Resources */,
				D7DCAC9116ACB2C10030F9AB /* Default.png in Resources */,
				D7DCAC9316ACB2C10030F9AB /* Default@2x.png in Resources */,
				D7DCAC9516ACB2C10030F9AB /* Default-568h@2x.png in Resources */,
				D7DCAC9816ACB2C10030F9AB /* MainStoryboard.storyboard in Resources */,
				D7C7502716B067810016FA9D /* city.jpg in Resources */,
				D7C7502816B067810016FA9D /* mountain.jpg in Resources */,
				D7C7502916B067810016FA9D /* sea.jpg in Resources */,
				D7E62AB316B2F0E600856ED4 /* CityMappings.plist in Resources */,
			);
			runOnlyForDeploymentPostprocessing = 0;
		};
/* End PBXResourcesBuildPhase section */

/* Begin PBXSourcesBuildPhase section */
		D7DCAC7416ACB2C10030F9AB /* Sources */ = {
			isa = PBXSourcesBuildPhase;
			buildActionMask = 2147483647;
			files = (
				D7DCAC8B16ACB2C10030F9AB /* main.m in Sources */,
				D7DCAC8F16ACB2C10030F9AB /* RentalManagerAppDelegate.m in Sources */,
				D7DCAC9B16ACB2C10030F9AB /* RentalManager.xcdatamodeld in Sources */,
				D7DCAC9E16ACB2C10030F9AB /* RentalManagerMasterViewController.m in Sources */,
				D7DCACA116ACB2C10030F9AB /* RentalManagerDetailViewController.m in Sources */,
				D736222D16BAEEC800081A09 /* CTRentalProperty.m in Sources */,
			);
			runOnlyForDeploymentPostprocessing = 0;
		};
/* End PBXSourcesBuildPhase section */

/* Begin PBXVariantGroup section */
		D7DCAC8716ACB2C10030F9AB /* InfoPlist.strings */ = {
			isa = PBXVariantGroup;
			children = (
				D7DCAC8816ACB2C10030F9AB /* en */,
			);
			name = InfoPlist.strings;
			sourceTree = "<group>";
		};
		D7DCAC9616ACB2C10030F9AB /* MainStoryboard.storyboard */ = {
			isa = PBXVariantGroup;
			children = (
				D7DCAC9716ACB2C10030F9AB /* en */,
			);
			name = MainStoryboard.storyboard;
			sourceTree = "<group>";
		};
/* End PBXVariantGroup section */

/* Begin XCBuildConfiguration section */
		D7DCACA216ACB2C10030F9AB /* Debug */ = {
			isa = XCBuildConfiguration;
			buildSettings = {
				ALWAYS_SEARCH_USER_PATHS = NO;
				CLANG_CXX_LANGUAGE_STANDARD = "gnu++0x";
				CLANG_CXX_LIBRARY = "libc++";
				CLANG_ENABLE_OBJC_ARC = YES;
				CLANG_WARN_EMPTY_BODY = YES;
				CLANG_WARN__DUPLICATE_METHOD_MATCH = YES;
				"CODE_SIGN_IDENTITY[sdk=iphoneos*]" = "iPhone Developer";
				COPY_PHASE_STRIP = NO;
				GCC_C_LANGUAGE_STANDARD = gnu99;
				GCC_DYNAMIC_NO_PIC = NO;
				GCC_OPTIMIZATION_LEVEL = 0;
				GCC_PREPROCESSOR_DEFINITIONS = (
					"DEBUG=1",
					"$(inherited)",
				);
				GCC_SYMBOLS_PRIVATE_EXTERN = NO;
				GCC_WARN_ABOUT_RETURN_TYPE = YES;
				GCC_WARN_UNINITIALIZED_AUTOS = YES;
				GCC_WARN_UNUSED_VARIABLE = YES;
				IPHONEOS_DEPLOYMENT_TARGET = 6.0;
				ONLY_ACTIVE_ARCH = YES;
				SDKROOT = iphoneos;
			};
			name = Debug;
		};
		D7DCACA316ACB2C10030F9AB /* Release */ = {
			isa = XCBuildConfiguration;
			buildSettings = {
				ALWAYS_SEARCH_USER_PATHS = NO;
				CLANG_CXX_LANGUAGE_STANDARD = "gnu++0x";
				CLANG_CXX_LIBRARY = "libc++";
				CLANG_ENABLE_OBJC_ARC = YES;
				CLANG_WARN_EMPTY_BODY = YES;
				CLANG_WARN__DUPLICATE_METHOD_MATCH = YES;
				"CODE_SIGN_IDENTITY[sdk=iphoneos*]" = "iPhone Developer";
				COPY_PHASE_STRIP = YES;
				GCC_C_LANGUAGE_STANDARD = gnu99;
				GCC_WARN_ABOUT_RETURN_TYPE = YES;
				GCC_WARN_UNINITIALIZED_AUTOS = YES;
				GCC_WARN_UNUSED_VARIABLE = YES;
				IPHONEOS_DEPLOYMENT_TARGET = 6.0;
				OTHER_CFLAGS = "-DNS_BLOCK_ASSERTIONS=1";
				SDKROOT = iphoneos;
				VALIDATE_PRODUCT = YES;
			};
			name = Release;
		};
		D7DCACA516ACB2C10030F9AB /* Debug */ = {
			isa = XCBuildConfiguration;
			buildSettings = {
				GCC_PRECOMPILE_PREFIX_HEADER = YES;
				GCC_PREFIX_HEADER = "RentalManager/RentalManager-Prefix.pch";
				INFOPLIST_FILE = "RentalManager/RentalManager-Info.plist";
				PRODUCT_NAME = "$(TARGET_NAME)";
				WRAPPER_EXTENSION = app;
			};
			name = Debug;
		};
		D7DCACA616ACB2C10030F9AB /* Release */ = {
			isa = XCBuildConfiguration;
			buildSettings = {
				GCC_PRECOMPILE_PREFIX_HEADER = YES;
				GCC_PREFIX_HEADER = "RentalManager/RentalManager-Prefix.pch";
				INFOPLIST_FILE = "RentalManager/RentalManager-Info.plist";
				PRODUCT_NAME = "$(TARGET_NAME)";
				WRAPPER_EXTENSION = app;
			};
			name = Release;
		};
/* End XCBuildConfiguration section */

/* Begin XCConfigurationList section */
		D7DCAC7216ACB2C10030F9AB /* Build configuration list for PBXProject "RentalManager" */ = {
			isa = XCConfigurationList;
			buildConfigurations = (
				D7DCACA216ACB2C10030F9AB /* Debug */,
				D7DCACA316ACB2C10030F9AB /* Release */,
			);
			defaultConfigurationIsVisible = 0;
			defaultConfigurationName = Release;
		};
		D7DCACA416ACB2C10030F9AB /* Build configuration list for PBXNativeTarget "RentalManager" */ = {
			isa = XCConfigurationList;
			buildConfigurations = (
				D7DCACA516ACB2C10030F9AB /* Debug */,
				D7DCACA616ACB2C10030F9AB /* Release */,
			);
			defaultConfigurationIsVisible = 0;
			defaultConfigurationName = Release;
		};
/* End XCConfigurationList section */

/* Begin XCVersionGroup section */
		D7DCAC9916ACB2C10030F9AB /* RentalManager.xcdatamodeld */ = {
			isa = XCVersionGroup;
			children = (
				D7DCAC9A16ACB2C10030F9AB /* RentalManager.xcdatamodel */,
			);
			currentVersion = D7DCAC9A16ACB2C10030F9AB /* RentalManager.xcdatamodel */;
			path = RentalManager.xcdatamodeld;
			sourceTree = "<group>";
			versionGroupType = wrapper.xcdatamodel;
		};
/* End XCVersionGroup section */
	};
	rootObject = D7DCAC6F16ACB2C10030F9AB /* Project object */;
}
